version = 1
revision = 3
requires-python = ">=3.14"

[[package]]
name = "certifi"
version = "2026.1.4"
source = { registry = "https://pypi.org/simple" }
sdist = { url = "https://files.pythonhosted.org/packages/e0/2d/a891ca51311197f6ad14a7ef42e2399f36cf2f9bd44752b3dc4eab60fdc5/certifi-2026.1.4.tar.gz", hash = "sha256:ac726dd470482006e014ad384921ed6438c457018f4b3d204aea4281258b2120", size = 154268, upload-time = "2026-01-04T02:42:41.825Z" }
wheels = [
    { url = "https://files.pythonhosted.org/packages/e6/ad/3cc14f097111b4de0040c83a525973216457bbeeb63739ef1ed275c1c021/certifi-2026.1.4-py3-none-any.whl", hash = "sha256:9943707519e4add1115f44c2bc244f782c0249876bf51b6599fee1ffbedd685c", size = 152900, upload-time = "2026-01-04T02:42:40.15Z" },
]

[[package]]
name = "charset-normalizer"
version = "3.4.4"
source = { registry = "https://pypi.org/simple" }
sdist = { url = "https://files.pythonhosted.org/packages/13/69/33ddede1939fdd074bce5434295f38fae7136463422fe4fd3e0e89b98062/charset_normalizer-3.4.4.tar.gz", hash = "sha256:94537985111c35f28720e43603b8e7b43a6ecfb2ce1d3058bbe955b73404e21a", size = 129418, upload-time = "2025-10-14T04:42:32.879Z" }
wheels = [
    { url = "https://files.pythonhosted.org/packages/2a/35/7051599bd493e62411d6ede36fd5af83a38f37c4767b92884df7301db25d/charset_normalizer-3.4.4-cp314-cp314-macosx_10_13_universal2.whl", hash = "sha256:da3326d9e65ef63a817ecbcc0df6e94463713b754fe293eaa03da99befb9a5bd", size = 207746, upload-time = "2025-10-14T04:41:33.773Z" },
    { url = "https://files.pythonhosted.org/packages/10/9a/97c8d48ef10d6cd4fcead2415523221624bf58bcf68a802721a6bc807c8f/charset_normalizer-3.4.4-cp314-cp314-manylinux2014_aarch64.manylinux_2_17_aarch64.manylinux_2_28_aarch64.whl", hash = "sha256:8af65f14dc14a79b924524b1e7fffe304517b2bff5a58bf64f30b98bbc5079eb", size = 147889, upload-time = "2025-10-14T04:41:34.897Z" },
    { url = "https://files.pythonhosted.org/packages/10/bf/979224a919a1b606c82bd2c5fa49b5c6d5727aa47b4312bb27b1734f53cd/charset_normalizer-3.4.4-cp314-cp314-manylinux2014_armv7l.manylinux_2_17_armv7l.manylinux_2_31_armv7l.whl", hash = "sha256:74664978bb272435107de04e36db5a9735e78232b85b77d45cfb38f758efd33e", size = 143641, upload-time = "2025-10-14T04:41:36.116Z" },
    { url = "https://files.pythonhosted.org/packages/ba/33/0ad65587441fc730dc7bd90e9716b30b4702dc7b617e6ba4997dc8651495/charset_normalizer-3.4.4-cp314-cp314-manylinux2014_ppc64le.manylinux_2_17_ppc64le.manylinux_2_28_ppc64le.whl", hash = "sha256:752944c7ffbfdd10c074dc58ec2d5a8a4cd9493b314d367c14d24c17684ddd14", size = 160779, upload-time = "2025-10-14T04:41:37.229Z" },
    { url = "https://files.pythonhosted.org/packages/67/ed/331d6b249259ee71ddea93f6f2f0a56cfebd46938bde6fcc6f7b9a3d0e09/charset_normalizer-3.4.4-cp314-cp314-manylinux2014_s390x.manylinux_2_17_s390x.manylinux_2_28_s390x.whl", hash = "sha256:d1f13550535ad8cff21b8d757a3257963e951d96e20ec82ab44bc64aeb62a191", size = 159035, upload-time = "2025-10-14T04:41:38.368Z" },
    { url = "https://files.pythonhosted.org/packages/67/ff/f6b948ca32e4f2a4576aa129d8bed61f2e0543bf9f5f2b7fc3758ed005c9/charset_normalizer-3.4.4-cp314-cp314-manylinux2014_x86_64.manylinux_2_17_x86_64.manylinux_2_28_x86_64.whl", hash = "sha256:ecaae4149d99b1c9e7b88bb03e3221956f68fd6d50be2ef061b2381b61d20838", size = 152542, upload-time = "2025-10-14T04:41:39.862Z" },
    { url = "https://files.pythonhosted.org/packages/16/85/276033dcbcc369eb176594de22728541a925b2632f9716428c851b149e83/charset_normalizer-3.4.4-cp314-cp314-manylinux_2_31_riscv64.manylinux_2_39_riscv64.whl", hash = "sha256:cb6254dc36b47a990e59e1068afacdcd02958bdcce30bb50cc1700a8b9d624a6", size = 149524, upload-time = "2025-10-14T04:41:41.319Z" },
    { url = "https://files.pythonhosted.org/packages/9e/f2/6a2a1f722b6aba37050e626530a46a68f74e63683947a8acff92569f979a/charset_normalizer-3.4.4-cp314-cp314-musllinux_1_2_aarch64.whl", hash = "sha256:c8ae8a0f02f57a6e61203a31428fa1d677cbe50c93622b4149d5c0f319c1d19e", size = 150395, upload-time = "2025-10-14T04:41:42.539Z" },
    { url = "https://files.pythonhosted.org/packages/60/bb/2186cb2f2bbaea6338cad15ce23a67f9b0672929744381e28b0592676824/charset_normalizer-3.4.4-cp314-cp314-musllinux_1_2_armv7l.whl", hash = "sha256:47cc91b2f4dd2833fddaedd2893006b0106129d4b94fdb6af1f4ce5a9965577c", size = 143680, upload-time = "2025-10-14T04:41:43.661Z" },
    { url = "https://files.pythonhosted.org/packages/7d/a5/bf6f13b772fbb2a90360eb620d52ed8f796f3c5caee8398c3b2eb7b1c60d/charset_normalizer-3.4.4-cp314-cp314-musllinux_1_2_ppc64le.whl", hash = "sha256:82004af6c302b5d3ab2cfc4cc5f29db16123b1a8417f2e25f9066f91d4411090", size = 162045, upload-time = "2025-10-14T04:41:44.821Z" },
    { url = "https://files.pythonhosted.org/packages/df/c5/d1be898bf0dc3ef9030c3825e5d3b83f2c528d207d246cbabe245966808d/charset_normalizer-3.4.4-cp314-cp314-musllinux_1_2_riscv64.whl", hash = "sha256:2b7d8f6c26245217bd2ad053761201e9f9680f8ce52f0fcd8d0755aeae5b2152", size = 149687, upload-time = "2025-10-14T04:41:46.442Z" },
    { url = "https://files.pythonhosted.org/packages/a5/42/90c1f7b9341eef50c8a1cb3f098ac43b0508413f33affd762855f67a410e/charset_normalizer-3.4.4-cp314-cp314-musllinux_1_2_s390x.whl", hash = "sha256:799a7a5e4fb2d5898c60b640fd4981d6a25f1c11790935a44ce38c54e985f828", size = 160014, upload-time = "2025-10-14T04:41:47.631Z" },
    { url = "https://files.pythonhosted.org/packages/76/be/4d3ee471e8145d12795ab655ece37baed0929462a86e72372fd25859047c/charset_normalizer-3.4.4-cp314-cp314-musllinux_1_2_x86_64.whl", hash = "sha256:99ae2cffebb06e6c22bdc25801d7b30f503cc87dbd283479e7b606f70aff57ec", size = 154044, upload-time = "2025-10-14T04:41:48.81Z" },
    { url = "https://files.pythonhosted.org/packages/b0/6f/8f7af07237c34a1defe7defc565a9bc1807762f672c0fde711a4b22bf9c0/charset_normalizer-3.4.4-cp314-cp314-win32.whl", hash = "sha256:f9d332f8c2a2fcbffe1378594431458ddbef721c1769d78e2cbc06280d8155f9", size = 99940, upload-time = "2025-10-14T04:41:49.946Z" },
    { url = "https://files.pythonhosted.org/packages/4b/51/8ade005e5ca5b0d80fb4aff72a3775b325bdc3d27408c8113811a7cbe640/charset_normalizer-3.4.4-cp314-cp314-win_amd64.whl", hash = "sha256:8a6562c3700cce886c5be75ade4a5db4214fda19fede41d9792d100288d8f94c", size = 107104, upload-time = "2025-10-14T04:41:51.051Z" },
    { url = "https://files.pythonhosted.org/packages/da/5f/6b8f83a55bb8278772c5ae54a577f3099025f9ade59d0136ac24a0df4bde/charset_normalizer-3.4.4-cp314-cp314-win_arm64.whl", hash = "sha256:de00632ca48df9daf77a2c65a484531649261ec9f25489917f09e455cb09ddb2", size = 100743, upload-time = "2025-10-14T04:41:52.122Z" },
    { url = "https://files.pythonhosted.org/packages/0a/4c/925909008ed5a988ccbb72dcc897407e5d6d3bd72410d69e051fc0c14647/charset_normalizer-3.4.4-py3-none-any.whl", hash = "sha256:7a32c560861a02ff789ad905a2fe94e3f840803362c84fecf1851cb4cf3dc37f", size = 53402, upload-time = "2025-10-14T04:42:31.76Z" },
]

[[package]]
name = "colorama"
version = "0.4.6"
source = { registry = "https://pypi.org/simple" }
sdist = { url = "https://files.pythonhosted.org/packages/d8/53/6f443c9a4a8358a93a6792e2acffb9d9d5cb0a5cfd8802644b7b1c9a02e4/colorama-0.4.6.tar.gz", hash = "sha256:08695f5cb7ed6e0531a20572697297273c47b8cae5a63ffc6d6ed5c201be6e44", size = 27697, upload-time = "2022-10-25T02:36:22.414Z" }
wheels = [
    { url = "https://files.pythonhosted.org/packages/d1/d6/3965ed04c63042e047cb6a3e6ed1a63a35087b6a609aa3a15ed8ac56c221/colorama-0.4.6-py2.py3-none-any.whl", hash = "sha256:4f1d9991f5acc0ca119f9d443620b77f9d6b33703e51011c16baf57afb285fc6", size = 25335, upload-time = "2022-10-25T02:36:20.889Z" },
]

[[package]]
name = "defusedxml"
version = "0.7.1"
source = { registry = "https://pypi.org/simple" }
sdist = { url = "https://files.pythonhosted.org/packages/0f/d5/c66da9b79e5bdb124974bfe172b4daf3c984ebd9c2a06e2b8a4dc7331c72/defusedxml-0.7.1.tar.gz", hash = "sha256:1bb3032db185915b62d7c6209c5a8792be6a32ab2fedacc84e01b52c51aa3e69", size = 75520, upload-time = "2021-03-08T10:59:26.269Z" }
wheels = [
    { url = "https://files.pythonhosted.org/packages/07/6c/aa3f2f849e01cb6a001cd8554a88d4c77c5c1a31c95bdf1cf9301e6d9ef4/defusedxml-0.7.1-py2.py3-none-any.whl", hash = "sha256:a352e7e428770286cc899e2542b6cdaedb2b4953ff269a210103ec58f6198a61", size = 25604, upload-time = "2021-03-08T10:59:24.45Z" },
]

[[package]]
name = "httpie"
version = "3.2.4"
source = { registry = "https://pypi.org/simple" }
dependencies = [
    { name = "charset-normalizer" },
    { name = "colorama", marker = "sys_platform == 'win32'" },
    { name = "defusedxml" },
    { name = "multidict" },
    { name = "pip" },
    { name = "pygments" },
    { name = "requests", extra = ["socks"] },
    { name = "requests-toolbelt" },
    { name = "rich" },
    { name = "setuptools" },
]
sdist = { url = "https://files.pythonhosted.org/packages/3e/bb/aefb0abbdbadeb9e8e7f04fb0f1942bc084f4215bf8dc729236153d09e1e/httpie-3.2.4.tar.gz", hash = "sha256:302ad436c3dc14fd0d1b19d4572ef8d62b146bcd94b505f3c2521f701e2e7a2a", size = 382651, upload-time = "2024-11-01T17:31:24.588Z" }
wheels = [
    { url = "https://files.pythonhosted.org/packages/03/b6/39bcf01e1185882f34bc9fb77d1fb4a27911a55f60ab407de34abc8a2347/httpie-3.2.4-py3-none-any.whl", hash = "sha256:4bd0435cc4b9bca59501bc65089de96f3e93b393803f32a81951db62050ebf0b", size = 127860, upload-time = "2024-11-01T17:31:22.962Z" },
]

[[package]]
name = "httpie-salesforce"
version = "0.1.0"
source = { virtual = "." }
dependencies = [
    { name = "httpie" },
    { name = "requests" },
]

[package.dev-dependencies]
dev = [
    { name = "pytest" },
]

[package.metadata]
requires-dist = [
    { name = "httpie", specifier = ">=3.2.4" },
    { name = "requests", specifier = ">=2.32.5" },
]

[package.metadata.requires-dev]
dev = [{ name = "pytest", specifier = ">=9.0.2" }]

[[package]]
name = "idna"
version = "3.11"
source = { registry = "https://pypi.org/simple" }
sdist = { url = "https://files.pythonhosted.org/packages/6f/6d/0703ccc57f3a7233505399edb88de3cbd678da106337b9fcde432b65ed60/idna-3.11.tar.gz", hash = "sha256:795dafcc9c04ed0c1fb032c2aa73654d8e8c5023a7df64a53f39190ada629902", size = 194582, upload-time = "2025-10-12T14:55:20.501Z" }
wheels = [
    { url = "https://files.pythonhosted.org/packages/0e/61/66938bbb5fc52dbdf84594873d5b51fb1f7c7794e9c0f5bd885f30bc507b/idna-3.11-py3-none-any.whl", hash = "sha256:771a87f49d9defaf64091e6e6fe9c18d4833f140bd19464795bc32d966ca37ea", size = 71008, upload-time = "2025-10-12T14:55:18.883Z" },
]

[[package]]
name = "iniconfig"
version = "2.3.0"
source = { registry = "https://pypi.org/simple" }
sdist = { url = "https://files.pythonhosted.org/packages/72/34/14ca021ce8e5dfedc35312d08ba8bf51fdd999c576889fc2c24cb97f4f10/iniconfig-2.3.0.tar.gz", hash = "sha256:c76315c77db068650d49c5b56314774a7804df16fee4402c1f19d6d15d8c4730", size = 20503, upload-time = "2025-10-18T21:55:43.219Z" }
wheels = [
    { url = "https://files.pythonhosted.org/packages/cb/b1/3846dd7f199d53cb17f49cba7e651e9ce294d8497c8c150530ed11865bb8/iniconfig-2.3.0-py3-none-any.whl", hash = "sha256:f631c04d2c48c52b84d0d0549c99ff3859c98df65b3101406327ecc7d53fbf12", size = 7484, upload-time = "2025-10-18T21:55:41.639Z" },
]

[[package]]
name = "markdown-it-py"
version = "4.0.0"
source = { registry = "https://pypi.org/simple" }
dependencies = [
    { name = "mdurl" },
]
sdist = { url = "https://files.pythonhosted.org/packages/5b/f5/4ec618ed16cc4f8fb3b701563655a69816155e79e24a17b651541804721d/markdown_it_py-4.0.0.tar.gz", hash = "sha256:cb0a2b4aa34f932c007117b194e945bd74e0ec24133ceb5bac59009cda1cb9f3", size = 73070, upload-time = "2025-08-11T12:57:52.854Z" }
wheels = [
    { url = "https://files.pythonhosted.org/packages/94/54/e7d793b573f298e1c9013b8c4dade17d481164aa517d1d7148619c2cedbf/markdown_it_py-4.0.0-py3-none-any.whl", hash = "sha256:87327c59b172c5011896038353a81343b6754500a08cd7a4973bb48c6d578147", size = 87321, upload-time = "2025-08-11T12:57:51.923Z" },
]

[[package]]
name = "mdurl"
version = "0.1.2"
source = { registry = "https://pypi.org/simple" }
sdist = { url = "https://files.pythonhosted.org/packages/d6/54/cfe61301667036ec958cb99bd3efefba235e65cdeb9c84d24a8293ba1d90/mdurl-0.1.2.tar.gz", hash = "sha256:bb413d29f5eea38f31dd4754dd7377d4465116fb207585f97bf925588687c1ba", size = 8729, upload-time = "2022-08-14T12:40:10.846Z" }
wheels = [
    { url = "https://files.pythonhosted.org/packages/b3/38/89ba8ad64ae25be8de66a6d463314cf1eb366222074cfda9ee839c56a4b4/mdurl-0.1.2-py3-none-any.whl", hash = "sha256:84008a41e51615a49fc9966191ff91509e3c40b939176e643fd50a5c2196b8f8", size = 9979, upload-time = "2022-08-14T12:40:09.779Z" },
]

[[package]]
name = "multidict"
version = "6.7.1"
source = { registry = "https://pypi.org/simple" }
sdist = { url = "https://files.pythonhosted.org/packages/1a/c2/c2d94cbe6ac1753f3fc980da97b3d930efe1da3af3c9f5125354436c073d/multidict-6.7.1.tar.gz", hash = "sha256:ec6652a1bee61c53a3e5776b6049172c53b6aaba34f18c9ad04f82712bac623d", size = 102010, upload-time = "2026-01-26T02:46:45.979Z" }
wheels = [
    { url = "https://files.pythonhosted.org/packages/91/cc/db74228a8be41884a567e88a62fd589a913708fcf180d029898c17a9a371/multidict-6.7.1-cp314-cp314-macosx_10_15_universal2.whl", hash = "sha256:8f333ec9c5eb1b7105e3b84b53141e66ca05a19a605368c55450b6ba208cb9ee", size = 75190, upload-time = "2026-01-26T02:45:10.651Z" },
    { url = "https://files.pythonhosted.org/packages/d5/22/492f2246bb5b534abd44804292e81eeaf835388901f0c574bac4eeec73c5/multidict-6.7.1-cp314-cp314-macosx_10_15_x86_64.whl", hash = "sha256:a407f13c188f804c759fc6a9f88286a565c242a76b27626594c133b82883b5c2", size = 44486, upload-time = "2026-01-26T02:45:11.938Z" },
    { url = "https://files.pythonhosted.org/packages/f1/4f/733c48f270565d78b4544f2baddc2fb2a245e5a8640254b12c36ac7ac68e/multidict-6.7.1-cp314-cp314-macosx_11_0_arm64.whl", hash = "sha256:0e161ddf326db5577c3a4cc2d8648f81456e8a20d40415541587a71620d7a7d1", size = 43219, upload-time = "2026-01-26T02:45:14.346Z" },
    { url = "https://files.pythonhosted.org/packages/24/bb/2c0c2287963f4259c85e8bcbba9182ced8d7fca65c780c38e99e61629d11/multidict-6.7.1-cp314-cp314-manylinux1_i686.manylinux_2_28_i686.manylinux_2_5_i686.whl", hash = "sha256:1e3a8bb24342a8201d178c3b4984c26ba81a577c80d4d525727427460a50c22d", size = 245132, upload-time = "2026-01-26T02:45:15.712Z" },
    { url = "https://files.pythonhosted.org/packages/a7/f9/44d4b3064c65079d2467888794dea218d1601898ac50222ab8a9a8094460/multidict-6.7.1-cp314-cp314-manylinux2014_aarch64.manylinux_2_17_aarch64.manylinux_2_28_aarch64.whl", hash = "sha256:97231140a50f5d447d3164f994b86a0bed7cd016e2682f8650d6a9158e14fd31", size = 252420, upload-time = "2026-01-26T02:45:17.293Z" },
    { url = "https://files.pythonhosted.org/packages/8b/13/78f7275e73fa17b24c9a51b0bd9d73ba64bb32d0ed51b02a746eb876abe7/multidict-6.7.1-cp314-cp314-manylinux2014_armv7l.manylinux_2_17_armv7l.manylinux_2_31_armv7l.whl", hash = "sha256:6b10359683bd8806a200fd2909e7c8ca3a7b24ec1d8132e483d58e791d881048", size = 233510, upload-time = "2026-01-26T02:45:19.356Z" },
    { url = "https://files.pythonhosted.org/packages/4b/25/8167187f62ae3cbd52da7893f58cb036b47ea3fb67138787c76800158982/multidict-6.7.1-cp314-cp314-manylinux2014_ppc64le.manylinux_2_17_ppc64le.manylinux_2_28_ppc64le.whl", hash = "sha256:283ddac99f7ac25a4acadbf004cb5ae34480bbeb063520f70ce397b281859362", size = 264094, upload-time = "2026-01-26T02:45:20.834Z" },
    { url = "https://files.pythonhosted.org/packages/a1/e7/69a3a83b7b030cf283fb06ce074a05a02322359783424d7edf0f15fe5022/multidict-6.7.1-cp314-cp314-manylinux2014_s390x.manylinux_2_17_s390x.manylinux_2_28_s390x.whl", hash = "sha256:538cec1e18c067d0e6103aa9a74f9e832904c957adc260e61cd9d8cf0c3b3d37", size = 260786, upload-time = "2026-01-26T02:45:22.818Z" },
    { url = "https://files.pythonhosted.org/packages/fe/3b/8ec5074bcfc450fe84273713b4b0a0dd47c0249358f5d82eb8104ffe2520/multidict-6.7.1-cp314-cp314-manylinux2014_x86_64.manylinux_2_17_x86_64.manylinux_2_28_x86_64.whl", hash = "sha256:7eee46ccb30ff48a1e35bb818cc90846c6be2b68240e42a78599166722cea709", size = 248483, upload-time = "2026-01-26T02:45:24.368Z" },
    { url = "https://files.pythonhosted.org/packages/48/5a/d5a99e3acbca0e29c5d9cba8f92ceb15dce78bab963b308ae692981e3a5d/multidict-6.7.1-cp314-cp314-musllinux_1_2_aarch64.whl", hash = "sha256:fa263a02f4f2dd2d11a7b1bb4362aa7cb1049f84a9235d31adf63f30143469a0", size = 248403, upload-time = "2026-01-26T02:45:25.982Z" },
    { url = "https://files.pythonhosted.org/packages/35/48/e58cd31f6c7d5102f2a4bf89f96b9cf7e00b6c6f3d04ecc44417c00a5a3c/multidict-6.7.1-cp314-cp314-musllinux_1_2_armv7l.whl", hash = "sha256:2e1425e2f99ec5bd36c15a01b690a1a2456209c5deed58f95469ffb46039ccbb", size = 240315, upload-time = "2026-01-26T02:45:27.487Z" },
    { url = "https://files.pythonhosted.org/packages/94/33/1cd210229559cb90b6786c30676bb0c58249ff42f942765f88793b41fdce/multidict-6.7.1-cp314-cp314-musllinux_1_2_i686.whl", hash = "sha256:497394b3239fc6f0e13a78a3e1b61296e72bf1c5f94b4c4eb80b265c37a131cd", size = 245528, upload-time = "2026-01-26T02:45:28.991Z" },
    { url = "https://files.pythonhosted.org/packages/64/f2/6e1107d226278c876c783056b7db43d800bb64c6131cec9c8dfb6903698e/multidict-6.7.1-cp314-cp314-musllinux_1_2_ppc64le.whl", hash = "sha256:233b398c29d3f1b9676b4b6f75c518a06fcb2ea0b925119fb2c1bc35c05e1601", size = 258784, upload-time = "2026-01-26T02:45:30.503Z" },
    { url = "https://files.pythonhosted.org/packages/4d/c1/11f664f14d525e4a1b5327a82d4de61a1db604ab34c6603bb3c2cc63ad34/multidict-6.7.1-cp314-cp314-musllinux_1_2_s390x.whl", hash = "sha256:93b1818e4a6e0930454f0f2af7dfce69307ca03cdcfb3739bf4d91241967b6c1", size = 251980, upload-time = "2026-01-26T02:45:32.603Z" },
    { url = "https://files.pythonhosted.org/packages/e1/9f/75a9ac888121d0c5bbd4ecf4eead45668b1766f6baabfb3b7f66a410e231/multidict-6.7.1-cp314-cp314-musllinux_1_2_x86_64.whl", hash = "sha256:f33dc2a3abe9249ea5d8360f969ec7f4142e7ac45ee7014d8f8d5acddf178b7b", size = 243602, upload-time = "2026-01-26T02:45:34.043Z" },
    { url = "https://files.pythonhosted.org/packages/9a/e7/50bf7b004cc8525d80dbbbedfdc7aed3e4c323810890be4413e589074032/multidict-6.7.1-cp314-cp314-win32.whl", hash = "sha256:3ab8b9d8b75aef9df299595d5388b14530839f6422333357af1339443cff777d", size = 40930, upload-time = "2026-01-26T02:45:36.278Z" },
    { url = "https://files.pythonhosted.org/packages/e0/bf/52f25716bbe93745595800f36fb17b73711f14da59ed0bb2eba141bc9f0f/multidict-6.7.1-cp314-cp314-win_amd64.whl", hash = "sha256:5e01429a929600e7dab7b166062d9bb54a5eed752384c7384c968c2afab8f50f", size = 45074, upload-time = "2026-01-26T02:45:37.546Z" },
    { url = "https://files.pythonhosted.org/packages/97/ab/22803b03285fa3a525f48217963da3a65ae40f6a1b6f6cf2768879e208f9/multidict-6.7.1-cp314-cp314-win_arm64.whl", hash = "sha256:4885cb0e817aef5d00a2e8451d4665c1808378dc27c2705f1bf4ef8505c0d2e5", size = 42471, upload-time = "2026-01-26T02:45:38.889Z" },
    { url = "https://files.pythonhosted.org/packages/e0/6d/f9293baa6146ba9507e360ea0292b6422b016907c393e2f63fc40ab7b7b5/multidict-6.7.1-cp314-cp314t-macosx_10_15_universal2.whl", hash = "sha256:0458c978acd8e6ea53c81eefaddbbee9c6c5e591f41b3f5e8e194780fe026581", size = 82401, upload-time = "2026-01-26T02:45:40.254Z" },
    { url = "https://files.pythonhosted.org/packages/7a/68/53b5494738d83558d87c3c71a486504d8373421c3e0dbb6d0db48ad42ee0/multidict-6.7.1-cp314-cp314t-macosx_10_15_x86_64.whl", hash = "sha256:c0abd12629b0af3cf590982c0b413b1e7395cd4ec026f30986818ab95bfaa94a", size = 48143, upload-time = "2026-01-26T02:45:41.635Z" },
    { url = "https://files.pythonhosted.org/packages/37/e8/5284c53310dcdc99ce5d66563f6e5773531a9b9fe9ec7a615e9bc306b05f/multidict-6.7.1-cp314-cp314t-macosx_11_0_arm64.whl", hash = "sha256:14525a5f61d7d0c94b368a42cff4c9a4e7ba2d52e2672a7b23d84dc86fb02b0c", size = 46507, upload-time = "2026-01-26T02:45:42.99Z" },
    { url = "https://files.pythonhosted.org/packages/e4/fc/6800d0e5b3875568b4083ecf5f310dcf91d86d52573160834fb4bfcf5e4f/multidict-6.7.1-cp314-cp314t-manylinux1_i686.manylinux_2_28_i686.manylinux_2_5_i686.whl", hash = "sha256:17307b22c217b4cf05033dabefe68255a534d637c6c9b0cc8382718f87be4262", size = 239358, upload-time = "2026-01-26T02:45:44.376Z" },
    { url = "https://files.pythonhosted.org/packages/41/75/4ad0973179361cdf3a113905e6e088173198349131be2b390f9fa4da5fc6/multidict-6.7.1-cp314-cp314t-manylinux2014_aarch64.manylinux_2_17_aarch64.manylinux_2_28_aarch64.whl", hash = "sha256:7a7e590ff876a3eaf1c02a4dfe0724b6e69a9e9de6d8f556816f29c496046e59", size = 246884, upload-time = "2026-01-26T02:45:47.167Z" },
    { url = "https://files.pythonhosted.org/packages/c3/9c/095bb28b5da139bd41fb9a5d5caff412584f377914bd8787c2aa98717130/multidict-6.7.1-cp314-cp314t-manylinux2014_armv7l.manylinux_2_17_armv7l.manylinux_2_31_armv7l.whl", hash = "sha256:5fa6a95dfee63893d80a34758cd0e0c118a30b8dcb46372bf75106c591b77889", size = 225878, upload-time = "2026-01-26T02:45:48.698Z" },
    { url = "https://files.pythonhosted.org/packages/07/d0/c0a72000243756e8f5a277b6b514fa005f2c73d481b7d9e47cd4568aa2e4/multidict-6.7.1-cp314-cp314t-manylinux2014_ppc64le.manylinux_2_17_ppc64le.manylinux_2_28_ppc64le.whl", hash = "sha256:a0543217a6a017692aa6ae5cc39adb75e587af0f3a82288b1492eb73dd6cc2a4", size = 253542, upload-time = "2026-01-26T02:45:50.164Z" },
    { url = "https://files.pythonhosted.org/packages/c0/6b/f69da15289e384ecf2a68837ec8b5ad8c33e973aa18b266f50fe55f24b8c/multidict-6.7.1-cp314-cp314t-manylinux2014_s390x.manylinux_2_17_s390x.manylinux_2_28_s390x.whl", hash = "sha256:f99fe611c312b3c1c0ace793f92464d8cd263cc3b26b5721950d977b006b6c4d", size = 252403, upload-time = "2026-01-26T02:45:51.779Z" },
    { url = "https://files.pythonhosted.org/packages/a2/76/b9669547afa5a1a25cd93eaca91c0da1c095b06b6d2d8ec25b713588d3a1/multidict-6.7.1-cp314-cp314t-manylinux2014_x86_64.manylinux_2_17_x86_64.manylinux_2_28_x86_64.whl", hash = "sha256:9004d8386d133b7e6135679424c91b0b854d2d164af6ea3f289f8f2761064609", size = 244889, upload-time = "2026-01-26T02:45:53.27Z" },
    { url = "https://files.pythonhosted.org/packages/7e/a9/a50d2669e506dad33cfc45b5d574a205587b7b8a5f426f2fbb2e90882588/multidict-6.7.1-cp314-cp314t-musllinux_1_2_aarch64.whl", hash = "sha256:e628ef0e6859ffd8273c69412a2465c4be4a9517d07261b33334b5ec6f3c7489", size = 241982, upload-time = "2026-01-26T02:45:54.919Z" },
    { url = "https://files.pythonhosted.org/packages/c5/bb/1609558ad8b456b4827d3c5a5b775c93b87878fd3117ed3db3423dfbce1b/multidict-6.7.1-cp314-cp314t-musllinux_1_2_armv7l.whl", hash = "sha256:841189848ba629c3552035a6a7f5bf3b02eb304e9fea7492ca220a8eda6b0e5c", size = 232415, upload-time = "2026-01-26T02:45:56.981Z" },
    { url = "https://files.pythonhosted.org/packages/d8/59/6f61039d2aa9261871e03ab9dc058a550d240f25859b05b67fd70f80d4b3/multidict-6.7.1-cp314-cp314t-musllinux_1_2_i686.whl", hash = "sha256:ce1bbd7d780bb5a0da032e095c951f7014d6b0a205f8318308140f1a6aba159e", size = 240337, upload-time = "2026-01-26T02:45:58.698Z" },
    { url = "https://files.pythonhosted.org/packages/a1/29/fdc6a43c203890dc2ae9249971ecd0c41deaedfe00d25cb6564b2edd99eb/multidict-6.7.1-cp314-cp314t-musllinux_1_2_ppc64le.whl", hash = "sha256:b26684587228afed0d50cf804cc71062cc9c1cdf55051c4c6345d372947b268c", size = 248788, upload-time = "2026-01-26T02:46:00.862Z" },
    { url = "https://files.pythonhosted.org/packages/a9/14/a153a06101323e4cf086ecee3faadba52ff71633d471f9685c42e3736163/multidict-6.7.1-cp314-cp314t-musllinux_1_2_s390x.whl", hash = "sha256:9f9af11306994335398293f9958071019e3ab95e9a707dc1383a35613f6abcb9", size = 242842, upload-time = "2026-01-26T02:46:02.824Z" },
    { url = "https://files.pythonhosted.org/packages/41/5f/604ae839e64a4a6efc80db94465348d3b328ee955e37acb24badbcd24d83/multidict-6.7.1-cp314-cp314t-musllinux_1_2_x86_64.whl", hash = "sha256:b4938326284c4f1224178a560987b6cf8b4d38458b113d9b8c1db1a836e640a2", size = 240237, upload-time = "2026-01-26T02:46:05.898Z" },
    { url = "https://files.pythonhosted.org/packages/5f/60/c3a5187bf66f6fb546ff4ab8fb5a077cbdd832d7b1908d4365c7f74a1917/multidict-6.7.1-cp314-cp314t-win32.whl", hash = "sha256:98655c737850c064a65e006a3df7c997cd3b220be4ec8fe26215760b9697d4d7", size = 48008, upload-time = "2026-01-26T02:46:07.468Z" },
    { url = "https://files.pythonhosted.org/packages/0c/f7/addf1087b860ac60e6f382240f64fb99f8bfb532bb06f7c542b83c29ca61/multidict-6.7.1-cp314-cp314t-win_amd64.whl", hash = "sha256:497bde6223c212ba11d462853cfa4f0ae6ef97465033e7dc9940cdb3ab5b48e5", size = 53542, upload-time = "2026-01-26T02:46:08.809Z" },
    { url = "https://files.pythonhosted.org/packages/4c/81/4629d0aa32302ef7b2ec65c75a728cc5ff4fa410c50096174c1632e70b3e/multidict-6.7.1-cp314-cp314t-win_arm64.whl", hash = "sha256:2bbd113e0d4af5db41d5ebfe9ccaff89de2120578164f86a5d17d5a576d1e5b2", size = 44719, upload-time = "2026-01-26T02:46:11.146Z" },
    { url = "https://files.pythonhosted.org/packages/81/08/7036c080d7117f28a4af526d794aab6a84463126db031b007717c1a6676e/multidict-6.7.1-py3-none-any.whl", hash = "sha256:55d97cc6dae627efa6a6e548885712d4864b81110ac76fa4e534c03819fa4a56", size = 12319, upload-time = "2026-01-26T02:46:44.004Z" },
]

[[package]]
name = "packaging"
version = "26.0"
source = { registry = "https://pypi.org/simple" }
sdist = { url = "https://files.pythonhosted.org/packages/65/ee/299d360cdc32edc7d2cf530f3accf79c4fca01e96ffc950d8a52213bd8e4/packaging-26.0.tar.gz", hash = "sha256:00243ae351a257117b6a241061796684b084ed1c516a08c48a3f7e147a9d80b4", size = 143416, upload-time = "2026-01-21T20:50:39.064Z" }
wheels = [
    { url = "https://files.pythonhosted.org/packages/b7/b9/c538f279a4e237a006a2c98387d081e9eb060d203d8ed34467cc0f0b9b53/packaging-26.0-py3-none-any.whl", hash = "sha256:b36f1fef9334a5588b4166f8bcd26a14e521f2b55e6b9de3aaa80d3ff7a37529", size = 74366, upload-time = "2026-01-21T20:50:37.788Z" },
]

[[package]]
name = "pip"
version = "26.0.1"
source = { registry = "https://pypi.org/simple" }
sdist = { url = "https://files.pythonhosted.org/packages/48/83/0d7d4e9efe3344b8e2fe25d93be44f64b65364d3c8d7bc6dc90198d5422e/pip-26.0.1.tar.gz", hash = "sha256:c4037d8a277c89b320abe636d59f91e6d0922d08a05b60e85e53b296613346d8", size = 1812747, upload-time = "2026-02-05T02:20:18.702Z" }
wheels = [
    { url = "https://files.pythonhosted.org/packages/de/f0/c81e05b613866b76d2d1066490adf1a3dbc4ee9d9c839961c3fc8a6997af/pip-26.0.1-py3-none-any.whl", hash = "sha256:bdb1b08f4274833d62c1aa29e20907365a2ceb950410df15fc9521bad440122b", size = 1787723, upload-time = "2026-02-05T02:20:16.416Z" },
]

[[package]]
name = "pluggy"
version = "1.6.0"
source = { registry = "https://pypi.org/simple" }
sdist = { url = "https://files.pythonhosted.org/packages/f9/e2/3e91f31a7d2b083fe6ef3fa267035b518369d9511ffab804f839851d2779/pluggy-1.6.0.tar.gz", hash = "sha256:7dcc130b76258d33b90f61b658791dede3486c3e6bfb003ee5c9bfb396dd22f3", size = 69412, upload-time = "2025-05-15T12:30:07.975Z" }
wheels = [
    { url = "https://files.pythonhosted.org/packages/54/20/4d324d65cc6d9205fabedc306948156824eb9f0ee1633355a8f7ec5c66bf/pluggy-1.6.0-py3-none-any.whl", hash = "sha256:e920276dd6813095e9377c0bc5566d94c932c33b27a3e3945d8389c374dd4746", size = 20538, upload-time = "2025-05-15T12:30:06.134Z" },
]

[[package]]
name = "pygments"
version = "2.19.2"
source = { registry = "https://pypi.org/simple" }
sdist = { url = "https://files.pythonhosted.org/packages/b0/77/a5b8c569bf593b0140bde72ea885a803b82086995367bf2037de0159d924/pygments-2.19.2.tar.gz", hash = "sha256:636cb2477cec7f8952536970bc533bc43743542f70392ae026374600add5b887", size = 4968631, upload-time = "2025-06-21T13:39:12.283Z" }
wheels = [
    { url = "https://files.pythonhosted.org/packages/c7/21/705964c7812476f378728bdf590ca4b771ec72385c533964653c68e86bdc/pygments-2.19.2-py3-none-any.whl", hash = "sha256:86540386c03d588bb81d44bc3928634ff26449851e99741617ecb9037ee5ec0b", size = 1225217, upload-time = "2025-06-21T13:39:07.939Z" },
]

[[package]]
name = "pysocks"
version = "1.7.1"
source = { registry = "https://pypi.org/simple" }
sdist = { url = "https://files.pythonhosted.org/packages/bd/11/293dd436aea955d45fc4e8a35b6ae7270f5b8e00b53cf6c024c83b657a11/PySocks-1.7.1.tar.gz", hash = "sha256:3f8804571ebe159c380ac6de37643bb4685970655d3bba243530d6558b799aa0", size = 284429, upload-time = "2019-09-20T02:07:35.714Z" }
wheels = [
    { url = "https://files.pythonhosted.org/packages/8d/59/b4572118e098ac8e46e399a1dd0f2d85403ce8bbaad9ec79373ed6badaf9/PySocks-1.7.1-py3-none-any.whl", hash = "sha256:2725bd0a9925919b9b51739eea5f9e2bae91e83288108a9ad338b2e3a4435ee5", size = 16725, upload-time = "2019-09-20T02:06:22.938Z" },
]

[[package]]
name = "pytest"
version = "9.0.2"
source = { registry = "https://pypi.org/simple" }
dependencies = [
    { name = "colorama", marker = "sys_platform == 'win32'" },
    { name = "iniconfig" },
    { name = "packaging" },
    { name = "pluggy" },
    { name = "pygments" },
]
sdist = { url = "https://files.pythonhosted.org/packages/d1/db/7ef3487e0fb0049ddb5ce41d3a49c235bf9ad299b6a25d5780a89f19230f/pytest-9.0.2.tar.gz", hash = "sha256:75186651a92bd89611d1d9fc20f0b4345fd827c41ccd5c299a868a05d70edf11", size = 1568901, upload-time = "2025-12-06T21:30:51.014Z" }
wheels = [
    { url = "https://files.pythonhosted.org/packages/3b/ab/b3226f0bd7cdcf710fbede2b3548584366da3b19b5021e74f5bde2a8fa3f/pytest-9.0.2-py3-none-any.whl", hash = "sha256:711ffd45bf766d5264d487b917733b453d917afd2b0ad65223959f59089f875b", size = 374801, upload-time = "2025-12-06T21:30:49.154Z" },
]

[[package]]
name = "requests"
version = "2.32.5"
source = { registry = "https://pypi.org/simple" }
dependencies = [
    { name = "certifi" },
    { name = "charset-normalizer" },
    { name = "idna" },
    { name = "urllib3" },
]
sdist = { url = "https://files.pythonhosted.org/packages/c9/74/b3ff8e6c8446842c3f5c837e9c3dfcfe2018ea6ecef224c710c85ef728f4/requests-2.32.5.tar.gz", hash = "sha256:dbba0bac56e100853db0ea71b82b4dfd5fe2bf6d3754a8893c3af500cec7d7cf", size = 134517, upload-time = "2025-08-18T20:46:02.573Z" }
wheels = [
    { url = "https://files.pythonhosted.org/packages/1e/db/4254e3eabe8020b458f1a747140d32277ec7a271daf1d235b70dc0b4e6e3/requests-2.32.5-py3-none-any.whl", hash = "sha256:2462f94637a34fd532264295e186976db0f5d453d1cdd31473c85a6a161affb6", size = 64738, upload-time = "2025-08-18T20:46:00.542Z" },
]

[package.optional-dependencies]
socks = [
    { name = "pysocks" },
]

[[package]]
name = "requests-toolbelt"
version = "1.0.0"
source = { registry = "https://pypi.org/simple" }
dependencies = [
    { name = "requests" },
]
sdist = { url = "https://files.pythonhosted.org/packages/f3/61/d7545dafb7ac2230c70d38d31cbfe4cc64f7144dc41f6e4e4b78ecd9f5bb/requests-toolbelt-1.0.0.tar.gz", hash = "sha256:7681a0a3d047012b5bdc0ee37d7f8f07ebe76ab08caeccfc3921ce23c88d5bc6", size = 206888, upload-time = "2023-05-01T04:11:33.229Z" }
wheels = [
    { url = "https://files.pythonhosted.org/packages/3f/51/d4db610ef29373b879047326cbf6fa98b6c1969d6f6dc423279de2b1be2c/requests_toolbelt-1.0.0-py2.py3-none-any.whl", hash = "sha256:cccfdd665f0a24fcf4726e690f65639d272bb0637b9b92dfd91a5568ccf6bd06", size = 54481, upload-time = "2023-05-01T04:11:28.427Z" },
]

[[package]]
name = "rich"
version = "14.3.2"
source = { registry = "https://pypi.org/simple" }
dependencies = [
    { name = "markdown-it-py" },
    { name = "pygments" },
]
sdist = { url = "https://files.pythonhosted.org/packages/74/99/a4cab2acbb884f80e558b0771e97e21e939c5dfb460f488d19df485e8298/rich-14.3.2.tar.gz", hash = "sha256:e712f11c1a562a11843306f5ed999475f09ac31ffb64281f73ab29ffdda8b3b8", size = 230143, upload-time = "2026-02-01T16:20:47.908Z" }
wheels = [
    { url = "https://files.pythonhosted.org/packages/ef/45/615f5babd880b4bd7d405cc0dc348234c5ffb6ed1ea33e152ede08b2072d/rich-14.3.2-py3-none-any.whl", hash = "sha256:08e67c3e90884651da3239ea668222d19bea7b589149d8014a21c633420dbb69", size = 309963, upload-time = "2026-02-01T16:20:46.078Z" },
]

[[package]]
name = "setuptools"
version = "82.0.0"
source = { registry = "https://pypi.org/simple" }
sdist = { url = "https://files.pythonhosted.org/packages/82/f3/748f4d6f65d1756b9ae577f329c951cda23fb900e4de9f70900ced962085/setuptools-82.0.0.tar.gz", hash = "sha256:22e0a2d69474c6ae4feb01951cb69d515ed23728cf96d05513d36e42b62b37cb", size = 1144893, upload-time = "2026-02-08T15:08:40.206Z" }
wheels = [
    { url = "https://files.pythonhosted.org/packages/e1/c6/76dc613121b793286a3f91621d7b75a2b493e0390ddca50f11993eadf192/setuptools-82.0.0-py3-none-any.whl", hash = "sha256:70b18734b607bd1da571d097d236cfcfacaf01de45717d59e6e04b96877532e0", size = 1003468, upload-time = "2026-02-08T15:08:38.723Z" },
]

[[package]]
name = "urllib3"
version = "2.6.3"
source = { registry = "https://pypi.org/simple" }
sdist = { url = "https://files.pythonhosted.org/packages/c7/24/5f1b3bdffd70275f6661c76461e25f024d5a38a46f04aaca912426a2b1d3/urllib3-2.6.3.tar.gz", hash = "sha256:1b62b6884944a57dbe321509ab94fd4d3b307075e0c2eae991ac71ee15ad38ed", size = 435556, upload-time = "2026-01-07T16:24:43.925Z" }
wheels = [
    { url = "https://files.pythonhosted.org/packages/39/08/aaaad47bc4e9dc8c725e68f9d04865dbcb2052843ff09c97b08904852d84/urllib3-2.6.3-py3-none-any.whl", hash = "sha256:bf272323e553dfb2e87d9bfd225ca7b0f467b919d7bbd355436d3fd37cb0acd4", size = 131584, upload-time = "2026-01-07T16:24:42.685Z" },
]
